
Microsoft Visual Studio Solution File, Format Version 12.00
# Visual Studio Version 17
VisualStudioVersion = 17.9.34902.65
MinimumVisualStudioVersion = 10.0.40219.1
Project("{FAE04EC0-301F-11D3-BF4B-00C04F79EFBC}") = "MauiListViewApp", "MauiListViewApp\MauiListViewApp.csproj", "{052E7603-93FE-4DFA-B5BC-64AF4AEE606A}"
EndProject
Global
	GlobalSection(SolutionConfigurationPlatforms) = preSolution
		Debug|Any CPU = Debug|Any CPU
		Release|Any CPU = Release|Any CPU
	EndGlobalSection
	GlobalSection(ProjectConfigurationPlatforms) = postSolution
		{052E7603-93FE-4DFA-B5BC-64AF4AEE606A}.Debug|Any CPU.ActiveCfg = Debug|Any CPU
		{052E7603-93FE-4DFA-B5BC-64AF4AEE606A}.Debug|Any CPU.Build.0 = Debug|Any CPU
		{052E7603-93FE-4DFA-B5BC-64AF4AEE606A}.Debug|Any CPU.Deploy.0 = Debug|Any CPU
		{052E7603-93FE-4DFA-B5BC-64AF4AEE606A}.Release|Any CPU.ActiveCfg = Release|Any CPU
		{052E7603-93FE-4DFA-B5BC-64AF4AEE606A}.Release|Any CPU.Build.0 = Release|Any CPU
		{052E7603-93FE-4DFA-B5BC-64AF4AEE606A}.Release|Any CPU.Deploy.0 = Release|Any CPU
	EndGlobalSection
	GlobalSection(SolutionProperties) = preSolution
		HideSolutionNode = FALSE
	EndGlobalSection
	GlobalSection(ExtensibilityGlobals) = postSolution
		SolutionGuid = {AF4D4693-F74A-40B0-8397-D0501424B782}
	EndGlobalSection
EndGlobal
